# THIS IS AN AUTOGENERATED FILE. DO NOT EDIT THIS FILE DIRECTLY.
# yarn lockfile v1


"@nestjs/mapped-types@*":
  version "2.0.5"
  resolved "https://registry.yarnpkg.com/@nestjs/mapped-types/-/mapped-types-2.0.5.tgz#485d6b44e19779c98d04e52bd1d2bcc7001df0ea"
  integrity sha512-bSJv4pd6EY99NX9CjBIyn4TVDoSit82DUZlL4I3bqNfy5Gt+gXTa86i3I/i0iIV9P4hntcGM5GyO+FhZAhxtyg==

husky@^9.1.6:
  version "9.1.6"
  resolved "https://registry.yarnpkg.com/husky/-/husky-9.1.6.tgz#e23aa996b6203ab33534bdc82306b0cf2cb07d6c"
  integrity sha512-sqbjZKK7kf44hfdE94EoX8MZNk0n7HeW37O4YrVGCF4wzgQjp+akPAkfUK5LZ6KuR/6sqeAVuXHji+RzQgOn5A==
